// !$*UTF8*$!
{
	archiveVersion = 1;
	classes = {
	};
	objectVersion = 46;
	objects = {

/* Begin PBXBuildFile section */
		EB10B1D81ECBCB8800EE235B /* AppDelegate.swift in Sources */ = {isa = PBXBuildFile; fileRef = EB10B1D71ECBCB8800EE235B /* AppDelegate.swift */; };
		EB10B1DC1ECBCB8800EE235B /* Assets.xcassets in Resources */ = {isa = PBXBuildFile; fileRef = EB10B1DB1ECBCB8800EE235B /* Assets.xcassets */; };
		EB10B1DF1ECBCB8800EE235B /* Main.storyboard in Resources */ = {isa = PBXBuildFile; fileRef = EB10B1DD1ECBCB8800EE235B /* Main.storyboard */; };
		EB10B1EA1ECBCB8800EE235B /* _etimeGraphicsTests.swift in Sources */ = {isa = PBXBuildFile; fileRef = EB10B1E91ECBCB8800EE235B /* _etimeGraphicsTests.swift */; };
		EB10B1F61ECBCCC400EE235B /* MetalView.swift in Sources */ = {isa = PBXBuildFile; fileRef = EB10B1F51ECBCCC400EE235B /* MetalView.swift */; };
		EB10B1F81ECBCF2A00EE235B /* Renderer.swift in Sources */ = {isa = PBXBuildFile; fileRef = EB10B1F71ECBCF2A00EE235B /* Renderer.swift */; };
		EB10B1FA1ECBD31200EE235B /* Shaders.metal in Sources */ = {isa = PBXBuildFile; fileRef = EB10B1F91ECBD31200EE235B /* Shaders.metal */; };
/* End PBXBuildFile section */

/* Begin PBXContainerItemProxy section */
		EB10B1E61ECBCB8800EE235B /* PBXContainerItemProxy */ = {
			isa = PBXContainerItemProxy;
			containerPortal = EB10B1CC1ECBCB8800EE235B /* Project object */;
			proxyType = 1;
			remoteGlobalIDString = EB10B1D31ECBCB8800EE235B;
			remoteInfo = 2etimeGraphics;
		};
/* End PBXContainerItemProxy section */

/* Begin PBXFileReference section */
		EB10B1D41ECBCB8800EE235B /* 2etimeGraphics.app */ = {isa = PBXFileReference; explicitFileType = wrapper.application; includeInIndex = 0; path = 2etimeGraphics.app; sourceTree = BUILT_PRODUCTS_DIR; };
		EB10B1D71ECBCB8800EE235B /* AppDelegate.swift */ = {isa = PBXFileReference; lastKnownFileType = sourcecode.swift; path = AppDelegate.swift; sourceTree = "<group>"; };
		EB10B1DB1ECBCB8800EE235B /* Assets.xcassets */ = {isa = PBXFileReference; lastKnownFileType = folder.assetcatalog; path = Assets.xcassets; sourceTree = "<group>"; };
		EB10B1DE1ECBCB8800EE235B /* Base */ = {isa = PBXFileReference; lastKnownFileType = file.storyboard; name = Base; path = Base.lproj/Main.storyboard; sourceTree = "<group>"; };
		EB10B1E01ECBCB8800EE235B /* Info.plist */ = {isa = PBXFileReference; lastKnownFileType = text.plist.xml; path = Info.plist; sourceTree = "<group>"; };
		EB10B1E51ECBCB8800EE235B /* 2etimeGraphicsTests.xctest */ = {isa = PBXFileReference; explicitFileType = wrapper.cfbundle; includeInIndex = 0; path = 2etimeGraphicsTests.xctest; sourceTree = BUILT_PRODUCTS_DIR; };
		EB10B1E91ECBCB8800EE235B /* _etimeGraphicsTests.swift */ = {isa = PBXFileReference; lastKnownFileType = sourcecode.swift; path = _etimeGraphicsTests.swift; sourceTree = "<group>"; };
		EB10B1EB1ECBCB8800EE235B /* Info.plist */ = {isa = PBXFileReference; lastKnownFileType = text.plist.xml; path = Info.plist; sourceTree = "<group>"; };
		EB10B1F51ECBCCC400EE235B /* MetalView.swift */ = {isa = PBXFileReference; fileEncoding = 4; lastKnownFileType = sourcecode.swift; path = MetalView.swift; sourceTree = "<group>"; };
		EB10B1F71ECBCF2A00EE235B /* Renderer.swift */ = {isa = PBXFileReference; fileEncoding = 4; lastKnownFileType = sourcecode.swift; path = Renderer.swift; sourceTree = "<group>"; };
		EB10B1F91ECBD31200EE235B /* Shaders.metal */ = {isa = PBXFileReference; fileEncoding = 4; lastKnownFileType = sourcecode.metal; path = Shaders.metal; sourceTree = "<group>"; };
/* End PBXFileReference section */

/* Begin PBXFrameworksBuildPhase section */
		EB10B1D11ECBCB8800EE235B /* Frameworks */ = {
			isa = PBXFrameworksBuildPhase;
			buildActionMask = 2147483647;
			files = (
			);
			runOnlyForDeploymentPostprocessing = 0;
		};
		EB10B1E21ECBCB8800EE235B /* Frameworks */ = {
			isa = PBXFrameworksBuildPhase;
			buildActionMask = 2147483647;
			files = (
			);
			runOnlyForDeploymentPostprocessing = 0;
		};
/* End PBXFrameworksBuildPhase section */

/* Begin PBXGroup section */
		EB10B1CB1ECBCB8800EE235B = {
			isa = PBXGroup;
			children = (
				EB10B1D61ECBCB8800EE235B /* 2etimeGraphics */,
				EB10B1E81ECBCB8800EE235B /* 2etimeGraphicsTests */,
				EB10B1D51ECBCB8800EE235B /* Products */,
			);
			sourceTree = "<group>";
		};
		EB10B1D51ECBCB8800EE235B /* Products */ = {
			isa = PBXGroup;
			children = (
				EB10B1D41ECBCB8800EE235B /* 2etimeGraphics.app */,
				EB10B1E51ECBCB8800EE235B /* 2etimeGraphicsTests.xctest */,
			);
			name = Products;
			sourceTree = "<group>";
		};
		EB10B1D61ECBCB8800EE235B /* 2etimeGraphics */ = {
			isa = PBXGroup;
			children = (
				EB10B1F51ECBCCC400EE235B /* MetalView.swift */,
				EB10B1F71ECBCF2A00EE235B /* Renderer.swift */,
				EB10B1F91ECBD31200EE235B /* Shaders.metal */,
				EB10B1F41ECBCC0E00EE235B /* Other */,
			);
			path = 2etimeGraphics;
			sourceTree = "<group>";
		};
		EB10B1E81ECBCB8800EE235B /* 2etimeGraphicsTests */ = {
			isa = PBXGroup;
			children = (
				EB10B1E91ECBCB8800EE235B /* _etimeGraphicsTests.swift */,
				EB10B1EB1ECBCB8800EE235B /* Info.plist */,
			);
			path = 2etimeGraphicsTests;
			sourceTree = "<group>";
		};
		EB10B1F41ECBCC0E00EE235B /* Other */ = {
			isa = PBXGroup;
			children = (
				EB10B1D71ECBCB8800EE235B /* AppDelegate.swift */,
				EB10B1DB1ECBCB8800EE235B /* Assets.xcassets */,
				EB10B1DD1ECBCB8800EE235B /* Main.storyboard */,
				EB10B1E01ECBCB8800EE235B /* Info.plist */,
			);
			name = Other;
			sourceTree = "<group>";
		};
/* End PBXGroup section */

/* Begin PBXNativeTarget section */
		EB10B1D31ECBCB8800EE235B /* 2etimeGraphics */ = {
			isa = PBXNativeTarget;
			buildConfigurationList = EB10B1EE1ECBCB8800EE235B /* Build configuration list for PBXNativeTarget "2etimeGraphics" */;
			buildPhases = (
				EB10B1D01ECBCB8800EE235B /* Sources */,
				EB10B1D11ECBCB8800EE235B /* Frameworks */,
				EB10B1D21ECBCB8800EE235B /* Resources */,
			);
			buildRules = (
			);
			dependencies = (
			);
			name = 2etimeGraphics;
			productName = 2etimeGraphics;
			productReference = EB10B1D41ECBCB8800EE235B /* 2etimeGraphics.app */;
			productType = "com.apple.product-type.application";
		};
		EB10B1E41ECBCB8800EE235B /* 2etimeGraphicsTests */ = {
			isa = PBXNativeTarget;
			buildConfigurationList = EB10B1F11ECBCB8800EE235B /* Build configuration list for PBXNativeTarget "2etimeGraphicsTests" */;
			buildPhases = (
				EB10B1E11ECBCB8800EE235B /* Sources */,
				EB10B1E21ECBCB8800EE235B /* Frameworks */,
				EB10B1E31ECBCB8800EE235B /* Resources */,
			);
			buildRules = (
			);
			dependencies = (
				EB10B1E71ECBCB8800EE235B /* PBXTargetDependency */,
			);
			name = 2etimeGraphicsTests;
			productName = 2etimeGraphicsTests;
			productReference = EB10B1E51ECBCB8800EE235B /* 2etimeGraphicsTests.xctest */;
			productType = "com.apple.product-type.bundle.unit-test";
		};
/* End PBXNativeTarget section */

/* Begin PBXProject section */
		EB10B1CC1ECBCB8800EE235B /* Project object */ = {
			isa = PBXProject;
			attributes = {
				LastSwiftUpdateCheck = 0830;
				LastUpgradeCheck = 0830;
				ORGANIZATIONNAME = 2etime;
				TargetAttributes = {
					EB10B1D31ECBCB8800EE235B = {
						CreatedOnToolsVersion = 8.3.2;
						ProvisioningStyle = Automatic;
					};
					EB10B1E41ECBCB8800EE235B = {
						CreatedOnToolsVersion = 8.3.2;
						ProvisioningStyle = Automatic;
						TestTargetID = EB10B1D31ECBCB8800EE235B;
					};
				};
			};
			buildConfigurationList = EB10B1CF1ECBCB8800EE235B /* Build configuration list for PBXProject "2etimeGraphics" */;
			compatibilityVersion = "Xcode 3.2";
			developmentRegion = English;
			hasScannedForEncodings = 0;
			knownRegions = (
				en,
				Base,
			);
			mainGroup = EB10B1CB1ECBCB8800EE235B;
			productRefGroup = EB10B1D51ECBCB8800EE235B /* Products */;
			projectDirPath = "";
			projectRoot = "";
			targets = (
				EB10B1D31ECBCB8800EE235B /* 2etimeGraphics */,
				EB10B1E41ECBCB8800EE235B /* 2etimeGraphicsTests */,
			);
		};
/* End PBXProject section */

/* Begin PBXResourcesBuildPhase section */
		EB10B1D21ECBCB8800EE235B /* Resources */ = {
			isa = PBXResourcesBuildPhase;
			buildActionMask = 2147483647;
			files = (
				EB10B1DC1ECBCB8800EE235B /* Assets.xcassets in Resources */,
				EB10B1DF1ECBCB8800EE235B /* Main.storyboard in Resources */,
			);
			runOnlyForDeploymentPostprocessing = 0;
		};
		EB10B1E31ECBCB8800EE235B /* Resources */ = {
			isa = PBXResourcesBuildPhase;
			buildActionMask = 2147483647;
			files = (
			);
			runOnlyForDeploymentPostprocessing = 0;
		};
/* End PBXResourcesBuildPhase section */

/* Begin PBXSourcesBuildPhase section */
		EB10B1D01ECBCB8800EE235B /* Sources */ = {
			isa = PBXSourcesBuildPhase;
			buildActionMask = 2147483647;
			files = (
				EB10B1FA1ECBD31200EE235B /* Shaders.metal in Sources */,
				EB10B1F61ECBCCC400EE235B /* MetalView.swift in Sources */,
				EB10B1F81ECBCF2A00EE235B /* Renderer.swift in Sources */,
				EB10B1D81ECBCB8800EE235B /* AppDelegate.swift in Sources */,
			);
			runOnlyForDeploymentPostprocessing = 0;
		};
		EB10B1E11ECBCB8800EE235B /* Sources */ = {
			isa = PBXSourcesBuildPhase;
			buildActionMask = 2147483647;
			files = (
				EB10B1EA1ECBCB8800EE235B /* _etimeGraphicsTests.swift in Sources */,
			);
			runOnlyForDeploymentPostprocessing = 0;
		};
/* End PBXSourcesBuildPhase section */

/* Begin PBXTargetDependency section */
		EB10B1E71ECBCB8800EE235B /* PBXTargetDependency */ = {
			isa = PBXTargetDependency;
			target = EB10B1D31ECBCB8800EE235B /* 2etimeGraphics */;
			targetProxy = EB10B1E61ECBCB8800EE235B /* PBXContainerItemProxy */;
		};
/* End PBXTargetDependency section */

/* Begin PBXVariantGroup section */
		EB10B1DD1ECBCB8800EE235B /* Main.storyboard */ = {
			isa = PBXVariantGroup;
			children = (
				EB10B1DE1ECBCB8800EE235B /* Base */,
			);
			name = Main.storyboard;
			sourceTree = "<group>";
		};
/* End PBXVariantGroup section */

/* Begin XCBuildConfiguration section */
		EB10B1EC1ECBCB8800EE235B /* Debug */ = {
			isa = XCBuildConfiguration;
			buildSettings = {
				ALWAYS_SEARCH_USER_PATHS = NO;
				CLANG_ANALYZER_NONNULL = YES;
				CLANG_ANALYZER_NUMBER_OBJECT_CONVERSION = YES_AGGRESSIVE;
				CLANG_CXX_LANGUAGE_STANDARD = "gnu++0x";
				CLANG_CXX_LIBRARY = "libc++";
				CLANG_ENABLE_MODULES = YES;
				CLANG_ENABLE_OBJC_ARC = YES;
				CLANG_WARN_BOOL_CONVERSION = YES;
				CLANG_WARN_CONSTANT_CONVERSION = YES;
				CLANG_WARN_DIRECT_OBJC_ISA_USAGE = YES_ERROR;
				CLANG_WARN_DOCUMENTATION_COMMENTS = YES;
				CLANG_WARN_EMPTY_BODY = YES;
				CLANG_WARN_ENUM_CONVERSION = YES;
				CLANG_WARN_INFINITE_RECURSION = YES;
				CLANG_WARN_INT_CONVERSION = YES;
				CLANG_WARN_OBJC_ROOT_CLASS = YES_ERROR;
				CLANG_WARN_SUSPICIOUS_MOVE = YES;
				CLANG_WARN_UNREACHABLE_CODE = YES;
				CLANG_WARN__DUPLICATE_METHOD_MATCH = YES;
				CODE_SIGN_IDENTITY = "-";
				COPY_PHASE_STRIP = NO;
				DEBUG_INFORMATION_FORMAT = dwarf;
				ENABLE_STRICT_OBJC_MSGSEND = YES;
				ENABLE_TESTABILITY = YES;
				GCC_C_LANGUAGE_STANDARD = gnu99;
				GCC_DYNAMIC_NO_PIC = NO;
				GCC_NO_COMMON_BLOCKS = YES;
				GCC_OPTIMIZATION_LEVEL = 0;
				GCC_PREPROCESSOR_DEFINITIONS = (
					"DEBUG=1",
					"$(inherited)",
				);
				GCC_WARN_64_TO_32_BIT_CONVERSION = YES;
				GCC_WARN_ABOUT_RETURN_TYPE = YES_ERROR;
				GCC_WARN_UNDECLARED_SELECTOR = YES;
				GCC_WARN_UNINITIALIZED_AUTOS = YES_AGGRESSIVE;
				GCC_WARN_UNUSED_FUNCTION = YES;
				GCC_WARN_UNUSED_VARIABLE = YES;
				MACOSX_DEPLOYMENT_TARGET = 10.12;
				MTL_ENABLE_DEBUG_INFO = YES;
				ONLY_ACTIVE_ARCH = YES;
				SDKROOT = macosx;
				SWIFT_ACTIVE_COMPILATION_CONDITIONS = DEBUG;
				SWIFT_OPTIMIZATION_LEVEL = "-Onone";
			};
			name = Debug;
		};
		EB10B1ED1ECBCB8800EE235B /* Release */ = {
			isa = XCBuildConfiguration;
			buildSettings = {
				ALWAYS_SEARCH_USER_PATHS = NO;
				CLANG_ANALYZER_NONNULL = YES;
				CLANG_ANALYZER_NUMBER_OBJECT_CONVERSION = YES_AGGRESSIVE;
				CLANG_CXX_LANGUAGE_STANDARD = "gnu++0x";
				CLANG_CXX_LIBRARY = "libc++";
				CLANG_ENABLE_MODULES = YES;
				CLANG_ENABLE_OBJC_ARC = YES;
				CLANG_WARN_BOOL_CONVERSION = YES;
				CLANG_WARN_CONSTANT_CONVERSION = YES;
				CLANG_WARN_DIRECT_OBJC_ISA_USAGE = YES_ERROR;
				CLANG_WARN_DOCUMENTATION_COMMENTS = YES;
				CLANG_WARN_EMPTY_BODY = YES;
				CLANG_WARN_ENUM_CONVERSION = YES;
				CLANG_WARN_INFINITE_RECURSION = YES;
				CLANG_WARN_INT_CONVERSION = YES;
				CLANG_WARN_OBJC_ROOT_CLASS = YES_ERROR;
				CLANG_WARN_SUSPICIOUS_MOVE = YES;
				CLANG_WARN_UNREACHABLE_CODE = YES;
				CLANG_WARN__DUPLICATE_METHOD_MATCH = YES;
				CODE_SIGN_IDENTITY = "-";
				COPY_PHASE_STRIP = NO;
				DEBUG_INFORMATION_FORMAT = "dwarf-with-dsym";
				ENABLE_NS_ASSERTIONS = NO;
				ENABLE_STRICT_OBJC_MSGSEND = YES;
				GCC_C_LANGUAGE_STANDARD = gnu99;
				GCC_NO_COMMON_BLOCKS = YES;
				GCC_WARN_64_TO_32_BIT_CONVERSION = YES;
				GCC_WARN_ABOUT_RETURN_TYPE = YES_ERROR;
				GCC_WARN_UNDECLARED_SELECTOR = YES;
				GCC_WARN_UNINITIALIZED_AUTOS = YES_AGGRESSIVE;
				GCC_WARN_UNUSED_FUNCTION = YES;
				GCC_WARN_UNUSED_VARIABLE = YES;
				MACOSX_DEPLOYMENT_TARGET = 10.12;
				MTL_ENABLE_DEBUG_INFO = NO;
				SDKROOT = macosx;
				SWIFT_OPTIMIZATION_LEVEL = "-Owholemodule";
			};
			name = Release;
		};
		EB10B1EF1ECBCB8800EE235B /* Debug */ = {
			isa = XCBuildConfiguration;
			buildSettings = {
				ASSETCATALOG_COMPILER_APPICON_NAME = AppIcon;
				COMBINE_HIDPI_IMAGES = YES;
				INFOPLIST_FILE = 2etimeGraphics/Info.plist;
				LD_RUNPATH_SEARCH_PATHS = "$(inherited) @executable_path/../Frameworks";
				PRODUCT_BUNDLE_IDENTIFIER = "com.Twohy.-etimeGraphics";
				PRODUCT_NAME = "$(TARGET_NAME)";
				SWIFT_VERSION = 3.0;
			};
			name = Debug;
		};
		EB10B1F01ECBCB8800EE235B /* Release */ = {
			isa = XCBuildConfiguration;
			buildSettings = {
				ASSETCATALOG_COMPILER_APPICON_NAME = AppIcon;
				COMBINE_HIDPI_IMAGES = YES;
				INFOPLIST_FILE = 2etimeGraphics/Info.plist;
				LD_RUNPATH_SEARCH_PATHS = "$(inherited) @executable_path/../Frameworks";
				PRODUCT_BUNDLE_IDENTIFIER = "com.Twohy.-etimeGraphics";
				PRODUCT_NAME = "$(TARGET_NAME)";
				SWIFT_VERSION = 3.0;
			};
			name = Release;
		};
		EB10B1F21ECBCB8800EE235B /* Debug */ = {
			isa = XCBuildConfiguration;
			buildSettings = {
				ALWAYS_EMBED_SWIFT_STANDARD_LIBRARIES = YES;
				BUNDLE_LOADER = "$(TEST_HOST)";
				COMBINE_HIDPI_IMAGES = YES;
				INFOPLIST_FILE = 2etimeGraphicsTests/Info.plist;
				LD_RUNPATH_SEARCH_PATHS = "$(inherited) @executable_path/../Frameworks @loader_path/../Frameworks";
				PRODUCT_BUNDLE_IDENTIFIER = "com.Twohy.-etimeGraphicsTests";
				PRODUCT_NAME = "$(TARGET_NAME)";
				SWIFT_VERSION = 3.0;
				TEST_HOST = "$(BUILT_PRODUCTS_DIR)/2etimeGraphics.app/Contents/MacOS/2etimeGraphics";
			};
			name = Debug;
		};
		EB10B1F31ECBCB8800EE235B /* Release */ = {
			isa = XCBuildConfiguration;
			buildSettings = {
				ALWAYS_EMBED_SWIFT_STANDARD_LIBRARIES = YES;
				BUNDLE_LOADER = "$(TEST_HOST)";
				COMBINE_HIDPI_IMAGES = YES;
				INFOPLIST_FILE = 2etimeGraphicsTests/Info.plist;
				LD_RUNPATH_SEARCH_PATHS = "$(inherited) @executable_path/../Frameworks @loader_path/../Frameworks";
				PRODUCT_BUNDLE_IDENTIFIER = "com.Twohy.-etimeGraphicsTests";
				PRODUCT_NAME = "$(TARGET_NAME)";
				SWIFT_VERSION = 3.0;
				TEST_HOST = "$(BUILT_PRODUCTS_DIR)/2etimeGraphics.app/Contents/MacOS/2etimeGraphics";
			};
			name = Release;
		};
/* End XCBuildConfiguration section */

/* Begin XCConfigurationList section */
		EB10B1CF1ECBCB8800EE235B /* Build configuration list for PBXProject "2etimeGraphics" */ = {
			isa = XCConfigurationList;
			buildConfigurations = (
				EB10B1EC1ECBCB8800EE235B /* Debug */,
				EB10B1ED1ECBCB8800EE235B /* Release */,
			);
			defaultConfigurationIsVisible = 0;
			defaultConfigurationName = Release;
		};
		EB10B1EE1ECBCB8800EE235B /* Build configuration list for PBXNativeTarget "2etimeGraphics" */ = {
			isa = XCConfigurationList;
			buildConfigurations = (
				EB10B1EF1ECBCB8800EE235B /* Debug */,
				EB10B1F01ECBCB8800EE235B /* Release */,
			);
			defaultConfigurationIsVisible = 0;
		};
		EB10B1F11ECBCB8800EE235B /* Build configuration list for PBXNativeTarget "2etimeGraphicsTests" */ = {
			isa = XCConfigurationList;
			buildConfigurations = (
				EB10B1F21ECBCB8800EE235B /* Debug */,
				EB10B1F31ECBCB8800EE235B /* Release */,
			);
			defaultConfigurationIsVisible = 0;
		};
/* End XCConfigurationList section */
	};
	rootObject = EB10B1CC1ECBCB8800EE235B /* Project object */;
}
